
Microsoft Visual Studio Solution File, Format Version 12.00
# Visual Studio Version 17
VisualStudioVersion = 17.4.33213.308
MinimumVisualStudioVersion = 10.0.40219.1
Project("{FAE04EC0-301F-11D3-BF4B-00C04F79EFBC}") = "ToDoList", "ToDoList\ToDoList.csproj", "{DC2A5306-24A9-4499-9AF1-A71F395DCA4E}"
EndProject
Project("{FAE04EC0-301F-11D3-BF4B-00C04F79EFBC}") = "Models", "Models\Models.csproj", "{A5BE5EE1-2CF4-4710-BC01-5ABC465B9BE0}"
EndProject
Project("{FAE04EC0-301F-11D3-BF4B-00C04F79EFBC}") = "Repository", "Repository\Repository.csproj", "{D209C7EE-B2D6-4BF6-AA91-3328BC4D6F65}"
EndProject
Project("{FAE04EC0-301F-11D3-BF4B-00C04F79EFBC}") = "EFCore", "EFCore\EFCore.csproj", "{C8D99077-70A1-441B-8276-7D0B28178E2A}"
EndProject
Global
	GlobalSection(SolutionConfigurationPlatforms) = preSolution
		Debug|Any CPU = Debug|Any CPU
		Release|Any CPU = Release|Any CPU
	EndGlobalSection
	GlobalSection(ProjectConfigurationPlatforms) = postSolution
		{DC2A5306-24A9-4499-9AF1-A71F395DCA4E}.Debug|Any CPU.ActiveCfg = Debug|Any CPU
		{DC2A5306-24A9-4499-9AF1-A71F395DCA4E}.Debug|Any CPU.Build.0 = Debug|Any CPU
		{DC2A5306-24A9-4499-9AF1-A71F395DCA4E}.Release|Any CPU.ActiveCfg = Release|Any CPU
		{DC2A5306-24A9-4499-9AF1-A71F395DCA4E}.Release|Any CPU.Build.0 = Release|Any CPU
		{A5BE5EE1-2CF4-4710-BC01-5ABC465B9BE0}.Debug|Any CPU.ActiveCfg = Debug|Any CPU
		{A5BE5EE1-2CF4-4710-BC01-5ABC465B9BE0}.Debug|Any CPU.Build.0 = Debug|Any CPU
		{A5BE5EE1-2CF4-4710-BC01-5ABC465B9BE0}.Release|Any CPU.ActiveCfg = Release|Any CPU
		{A5BE5EE1-2CF4-4710-BC01-5ABC465B9BE0}.Release|Any CPU.Build.0 = Release|Any CPU
		{D209C7EE-B2D6-4BF6-AA91-3328BC4D6F65}.Debug|Any CPU.ActiveCfg = Debug|Any CPU
		{D209C7EE-B2D6-4BF6-AA91-3328BC4D6F65}.Debug|Any CPU.Build.0 = Debug|Any CPU
		{D209C7EE-B2D6-4BF6-AA91-3328BC4D6F65}.Release|Any CPU.ActiveCfg = Release|Any CPU
		{D209C7EE-B2D6-4BF6-AA91-3328BC4D6F65}.Release|Any CPU.Build.0 = Release|Any CPU
		{C8D99077-70A1-441B-8276-7D0B28178E2A}.Debug|Any CPU.ActiveCfg = Debug|Any CPU
		{C8D99077-70A1-441B-8276-7D0B28178E2A}.Debug|Any CPU.Build.0 = Debug|Any CPU
		{C8D99077-70A1-441B-8276-7D0B28178E2A}.Release|Any CPU.ActiveCfg = Release|Any CPU
		{C8D99077-70A1-441B-8276-7D0B28178E2A}.Release|Any CPU.Build.0 = Release|Any CPU
	EndGlobalSection
	GlobalSection(SolutionProperties) = preSolution
		HideSolutionNode = FALSE
	EndGlobalSection
	GlobalSection(ExtensibilityGlobals) = postSolution
		SolutionGuid = {AB88E68D-A189-4688-A886-169E35F7C914}
	EndGlobalSection
EndGlobal
